// !$*UTF8*$!
{
	archiveVersion = 1;
	classes = {
	};
	objectVersion = 50;
	objects = {

/* Begin PBXBuildFile section */
		8236FF1D24AA31C60064FC55 /* AppDelegate.swift in Sources */ = {isa = PBXBuildFile; fileRef = 8236FF1C24AA31C60064FC55 /* AppDelegate.swift */; };
		8236FF1F24AA31C60064FC55 /* SceneDelegate.swift in Sources */ = {isa = PBXBuildFile; fileRef = 8236FF1E24AA31C60064FC55 /* SceneDelegate.swift */; };
		8236FF2124AA31C60064FC55 /* ContentViewController.swift in Sources */ = {isa = PBXBuildFile; fileRef = 8236FF2024AA31C60064FC55 /* ContentViewController.swift */; };
		8236FF2424AA31C60064FC55 /* Main.storyboard in Resources */ = {isa = PBXBuildFile; fileRef = 8236FF2224AA31C60064FC55 /* Main.storyboard */; };
		8236FF2624AA31CA0064FC55 /* Assets.xcassets in Resources */ = {isa = PBXBuildFile; fileRef = 8236FF2524AA31CA0064FC55 /* Assets.xcassets */; };
		8236FF2924AA31CA0064FC55 /* LaunchScreen.storyboard in Resources */ = {isa = PBXBuildFile; fileRef = 8236FF2724AA31CA0064FC55 /* LaunchScreen.storyboard */; };
		82F371A024AA4304008CF85F /* Holiday.swift in Sources */ = {isa = PBXBuildFile; fileRef = 82F3719F24AA4304008CF85F /* Holiday.swift */; };
		82F371A224AA44C4008CF85F /* HolidayRequest.swift in Sources */ = {isa = PBXBuildFile; fileRef = 82F371A124AA44C4008CF85F /* HolidayRequest.swift */; };
/* End PBXBuildFile section */

/* Begin PBXFileReference section */
		8236FF1924AA31C60064FC55 /* WebAPISample.app */ = {isa = PBXFileReference; explicitFileType = wrapper.application; includeInIndex = 0; path = WebAPISample.app; sourceTree = BUILT_PRODUCTS_DIR; };
		8236FF1C24AA31C60064FC55 /* AppDelegate.swift */ = {isa = PBXFileReference; lastKnownFileType = sourcecode.swift; path = AppDelegate.swift; sourceTree = "<group>"; };
		8236FF1E24AA31C60064FC55 /* SceneDelegate.swift */ = {isa = PBXFileReference; lastKnownFileType = sourcecode.swift; path = SceneDelegate.swift; sourceTree = "<group>"; };
		8236FF2024AA31C60064FC55 /* ContentViewController.swift */ = {isa = PBXFileReference; lastKnownFileType = sourcecode.swift; path = ContentViewController.swift; sourceTree = "<group>"; };
		8236FF2324AA31C60064FC55 /* Base */ = {isa = PBXFileReference; lastKnownFileType = file.storyboard; name = Base; path = Base.lproj/Main.storyboard; sourceTree = "<group>"; };
		8236FF2524AA31CA0064FC55 /* Assets.xcassets */ = {isa = PBXFileReference; lastKnownFileType = folder.assetcatalog; path = Assets.xcassets; sourceTree = "<group>"; };
		8236FF2824AA31CA0064FC55 /* Base */ = {isa = PBXFileReference; lastKnownFileType = file.storyboard; name = Base; path = Base.lproj/LaunchScreen.storyboard; sourceTree = "<group>"; };
		8236FF2A24AA31CA0064FC55 /* Info.plist */ = {isa = PBXFileReference; lastKnownFileType = text.plist.xml; path = Info.plist; sourceTree = "<group>"; };
		82F3719F24AA4304008CF85F /* Holiday.swift */ = {isa = PBXFileReference; lastKnownFileType = sourcecode.swift; path = Holiday.swift; sourceTree = "<group>"; };
		82F371A124AA44C4008CF85F /* HolidayRequest.swift */ = {isa = PBXFileReference; lastKnownFileType = sourcecode.swift; path = HolidayRequest.swift; sourceTree = "<group>"; };
/* End PBXFileReference section */

/* Begin PBXFrameworksBuildPhase section */
		8236FF1624AA31C60064FC55 /* Frameworks */ = {
			isa = PBXFrameworksBuildPhase;
			buildActionMask = 2147483647;
			files = (
			);
			runOnlyForDeploymentPostprocessing = 0;
		};
/* End PBXFrameworksBuildPhase section */

/* Begin PBXGroup section */
		8236FF1024AA31C60064FC55 = {
			isa = PBXGroup;
			children = (
				8236FF1B24AA31C60064FC55 /* WebAPISample */,
				8236FF1A24AA31C60064FC55 /* Products */,
			);
			sourceTree = "<group>";
		};
		8236FF1A24AA31C60064FC55 /* Products */ = {
			isa = PBXGroup;
			children = (
				8236FF1924AA31C60064FC55 /* WebAPISample.app */,
			);
			name = Products;
			sourceTree = "<group>";
		};
		8236FF1B24AA31C60064FC55 /* WebAPISample */ = {
			isa = PBXGroup;
			children = (
				8236FF1C24AA31C60064FC55 /* AppDelegate.swift */,
				8236FF1E24AA31C60064FC55 /* SceneDelegate.swift */,
				82F3719F24AA4304008CF85F /* Holiday.swift */,
				82F371A124AA44C4008CF85F /* HolidayRequest.swift */,
				8236FF2024AA31C60064FC55 /* ContentViewController.swift */,
				8236FF2224AA31C60064FC55 /* Main.storyboard */,
				8236FF2524AA31CA0064FC55 /* Assets.xcassets */,
				8236FF2724AA31CA0064FC55 /* LaunchScreen.storyboard */,
				8236FF2A24AA31CA0064FC55 /* Info.plist */,
			);
			path = WebAPISample;
			sourceTree = "<group>";
		};
/* End PBXGroup section */

/* Begin PBXNativeTarget section */
		8236FF1824AA31C60064FC55 /* WebAPISample */ = {
			isa = PBXNativeTarget;
			buildConfigurationList = 8236FF2D24AA31CA0064FC55 /* Build configuration list for PBXNativeTarget "WebAPISample" */;
			buildPhases = (
				8236FF1524AA31C60064FC55 /* Sources */,
				8236FF1624AA31C60064FC55 /* Frameworks */,
				8236FF1724AA31C60064FC55 /* Resources */,
			);
			buildRules = (
			);
			dependencies = (
			);
			name = WebAPISample;
			productName = WebAPISample;
			productReference = 8236FF1924AA31C60064FC55 /* WebAPISample.app */;
			productType = "com.apple.product-type.application";
		};
/* End PBXNativeTarget section */

/* Begin PBXProject section */
		8236FF1124AA31C60064FC55 /* Project object */ = {
			isa = PBXProject;
			attributes = {
				LastSwiftUpdateCheck = 1150;
				LastUpgradeCheck = 1150;
				ORGANIZATIONNAME = Kapil;
				TargetAttributes = {
					8236FF1824AA31C60064FC55 = {
						CreatedOnToolsVersion = 11.5;
					};
				};
			};
			buildConfigurationList = 8236FF1424AA31C60064FC55 /* Build configuration list for PBXProject "WebAPISample" */;
			compatibilityVersion = "Xcode 9.3";
			developmentRegion = en;
			hasScannedForEncodings = 0;
			knownRegions = (
				en,
				Base,
			);
			mainGroup = 8236FF1024AA31C60064FC55;
			productRefGroup = 8236FF1A24AA31C60064FC55 /* Products */;
			projectDirPath = "";
			projectRoot = "";
			targets = (
				8236FF1824AA31C60064FC55 /* WebAPISample */,
			);
		};
/* End PBXProject section */

/* Begin PBXResourcesBuildPhase section */
		8236FF1724AA31C60064FC55 /* Resources */ = {
			isa = PBXResourcesBuildPhase;
			buildActionMask = 2147483647;
			files = (
				8236FF2924AA31CA0064FC55 /* LaunchScreen.storyboard in Resources */,
				8236FF2624AA31CA0064FC55 /* Assets.xcassets in Resources */,
				8236FF2424AA31C60064FC55 /* Main.storyboard in Resources */,
			);
			runOnlyForDeploymentPostprocessing = 0;
		};
/* End PBXResourcesBuildPhase section */

/* Begin PBXSourcesBuildPhase section */
		8236FF1524AA31C60064FC55 /* Sources */ = {
			isa = PBXSourcesBuildPhase;
			buildActionMask = 2147483647;
			files = (
				8236FF2124AA31C60064FC55 /* ContentViewController.swift in Sources */,
				82F371A224AA44C4008CF85F /* HolidayRequest.swift in Sources */,
				8236FF1D24AA31C60064FC55 /* AppDelegate.swift in Sources */,
				82F371A024AA4304008CF85F /* Holiday.swift in Sources */,
				8236FF1F24AA31C60064FC55 /* SceneDelegate.swift in Sources */,
			);
			runOnlyForDeploymentPostprocessing = 0;
		};
/* End PBXSourcesBuildPhase section */

/* Begin PBXVariantGroup section */
		8236FF2224AA31C60064FC55 /* Main.storyboard */ = {
			isa = PBXVariantGroup;
			children = (
				8236FF2324AA31C60064FC55 /* Base */,
			);
			name = Main.storyboard;
			sourceTree = "<group>";
		};
		8236FF2724AA31CA0064FC55 /* LaunchScreen.storyboard */ = {
			isa = PBXVariantGroup;
			children = (
				8236FF2824AA31CA0064FC55 /* Base */,
			);
			name = LaunchScreen.storyboard;
			sourceTree = "<group>";
		};
/* End PBXVariantGroup section */

/* Begin XCBuildConfiguration section */
		8236FF2B24AA31CA0064FC55 /* Debug */ = {
			isa = XCBuildConfiguration;
			buildSettings = {
				ALWAYS_SEARCH_USER_PATHS = NO;
				CLANG_ANALYZER_NONNULL = YES;
				CLANG_ANALYZER_NUMBER_OBJECT_CONVERSION = YES_AGGRESSIVE;
				CLANG_CXX_LANGUAGE_STANDARD = "gnu++14";
				CLANG_CXX_LIBRARY = "libc++";
				CLANG_ENABLE_MODULES = YES;
				CLANG_ENABLE_OBJC_ARC = YES;
				CLANG_ENABLE_OBJC_WEAK = YES;
				CLANG_WARN_BLOCK_CAPTURE_AUTORELEASING = YES;
				CLANG_WARN_BOOL_CONVERSION = YES;
				CLANG_WARN_COMMA = YES;
				CLANG_WARN_CONSTANT_CONVERSION = YES;
				CLANG_WARN_DEPRECATED_OBJC_IMPLEMENTATIONS = YES;
				CLANG_WARN_DIRECT_OBJC_ISA_USAGE = YES_ERROR;
				CLANG_WARN_DOCUMENTATION_COMMENTS = YES;
				CLANG_WARN_EMPTY_BODY = YES;
				CLANG_WARN_ENUM_CONVERSION = YES;
				CLANG_WARN_INFINITE_RECURSION = YES;
				CLANG_WARN_INT_CONVERSION = YES;
				CLANG_WARN_NON_LITERAL_NULL_CONVERSION = YES;
				CLANG_WARN_OBJC_IMPLICIT_RETAIN_SELF = YES;
				CLANG_WARN_OBJC_LITERAL_CONVERSION = YES;
				CLANG_WARN_OBJC_ROOT_CLASS = YES_ERROR;
				CLANG_WARN_RANGE_LOOP_ANALYSIS = YES;
				CLANG_WARN_STRICT_PROTOTYPES = YES;
				CLANG_WARN_SUSPICIOUS_MOVE = YES;
				CLANG_WARN_UNGUARDED_AVAILABILITY = YES_AGGRESSIVE;
				CLANG_WARN_UNREACHABLE_CODE = YES;
				CLANG_WARN__DUPLICATE_METHOD_MATCH = YES;
				COPY_PHASE_STRIP = NO;
				DEBUG_INFORMATION_FORMAT = dwarf;
				ENABLE_STRICT_OBJC_MSGSEND = YES;
				ENABLE_TESTABILITY = YES;
				GCC_C_LANGUAGE_STANDARD = gnu11;
				GCC_DYNAMIC_NO_PIC = NO;
				GCC_NO_COMMON_BLOCKS = YES;
				GCC_OPTIMIZATION_LEVEL = 0;
				GCC_PREPROCESSOR_DEFINITIONS = (
					"DEBUG=1",
					"$(inherited)",
				);
				GCC_WARN_64_TO_32_BIT_CONVERSION = YES;
				GCC_WARN_ABOUT_RETURN_TYPE = YES_ERROR;
				GCC_WARN_UNDECLARED_SELECTOR = YES;
				GCC_WARN_UNINITIALIZED_AUTOS = YES_AGGRESSIVE;
				GCC_WARN_UNUSED_FUNCTION = YES;
				GCC_WARN_UNUSED_VARIABLE = YES;
				IPHONEOS_DEPLOYMENT_TARGET = 13.5;
				MTL_ENABLE_DEBUG_INFO = INCLUDE_SOURCE;
				MTL_FAST_MATH = YES;
				ONLY_ACTIVE_ARCH = YES;
				SDKROOT = iphoneos;
				SWIFT_ACTIVE_COMPILATION_CONDITIONS = DEBUG;
				SWIFT_OPTIMIZATION_LEVEL = "-Onone";
			};
			name = Debug;
		};
		8236FF2C24AA31CA0064FC55 /* Release */ = {
			isa = XCBuildConfiguration;
			buildSettings = {
				ALWAYS_SEARCH_USER_PATHS = NO;
				CLANG_ANALYZER_NONNULL = YES;
				CLANG_ANALYZER_NUMBER_OBJECT_CONVERSION = YES_AGGRESSIVE;
				CLANG_CXX_LANGUAGE_STANDARD = "gnu++14";
				CLANG_CXX_LIBRARY = "libc++";
				CLANG_ENABLE_MODULES = YES;
				CLANG_ENABLE_OBJC_ARC = YES;
				CLANG_ENABLE_OBJC_WEAK = YES;
				CLANG_WARN_BLOCK_CAPTURE_AUTORELEASING = YES;
				CLANG_WARN_BOOL_CONVERSION = YES;
				CLANG_WARN_COMMA = YES;
				CLANG_WARN_CONSTANT_CONVERSION = YES;
				CLANG_WARN_DEPRECATED_OBJC_IMPLEMENTATIONS = YES;
				CLANG_WARN_DIRECT_OBJC_ISA_USAGE = YES_ERROR;
				CLANG_WARN_DOCUMENTATION_COMMENTS = YES;
				CLANG_WARN_EMPTY_BODY = YES;
				CLANG_WARN_ENUM_CONVERSION = YES;
				CLANG_WARN_INFINITE_RECURSION = YES;
				CLANG_WARN_INT_CONVERSION = YES;
				CLANG_WARN_NON_LITERAL_NULL_CONVERSION = YES;
				CLANG_WARN_OBJC_IMPLICIT_RETAIN_SELF = YES;
				CLANG_WARN_OBJC_LITERAL_CONVERSION = YES;
				CLANG_WARN_OBJC_ROOT_CLASS = YES_ERROR;
				CLANG_WARN_RANGE_LOOP_ANALYSIS = YES;
				CLANG_WARN_STRICT_PROTOTYPES = YES;
				CLANG_WARN_SUSPICIOUS_MOVE = YES;
				CLANG_WARN_UNGUARDED_AVAILABILITY = YES_AGGRESSIVE;
				CLANG_WARN_UNREACHABLE_CODE = YES;
				CLANG_WARN__DUPLICATE_METHOD_MATCH = YES;
				COPY_PHASE_STRIP = NO;
				DEBUG_INFORMATION_FORMAT = "dwarf-with-dsym";
				ENABLE_NS_ASSERTIONS = NO;
				ENABLE_STRICT_OBJC_MSGSEND = YES;
				GCC_C_LANGUAGE_STANDARD = gnu11;
				GCC_NO_COMMON_BLOCKS = YES;
				GCC_WARN_64_TO_32_BIT_CONVERSION = YES;
				GCC_WARN_ABOUT_RETURN_TYPE = YES_ERROR;
				GCC_WARN_UNDECLARED_SELECTOR = YES;
				GCC_WARN_UNINITIALIZED_AUTOS = YES_AGGRESSIVE;
				GCC_WARN_UNUSED_FUNCTION = YES;
				GCC_WARN_UNUSED_VARIABLE = YES;
				IPHONEOS_DEPLOYMENT_TARGET = 13.5;
				MTL_ENABLE_DEBUG_INFO = NO;
				MTL_FAST_MATH = YES;
				SDKROOT = iphoneos;
				SWIFT_COMPILATION_MODE = wholemodule;
				SWIFT_OPTIMIZATION_LEVEL = "-O";
				VALIDATE_PRODUCT = YES;
			};
			name = Release;
		};
		8236FF2E24AA31CA0064FC55 /* Debug */ = {
			isa = XCBuildConfiguration;
			buildSettings = {
				ASSETCATALOG_COMPILER_APPICON_NAME = AppIcon;
				CODE_SIGN_STYLE = Automatic;
				DEVELOPMENT_TEAM = MY9F7Y5ZNW;
				INFOPLIST_FILE = WebAPISample/Info.plist;
				LD_RUNPATH_SEARCH_PATHS = (
					"$(inherited)",
					"@executable_path/Frameworks",
				);
				PRODUCT_BUNDLE_IDENTIFIER = Kapil.WebAPISample;
				PRODUCT_NAME = "$(TARGET_NAME)";
				SWIFT_VERSION = 5.0;
				TARGETED_DEVICE_FAMILY = "1,2";
			};
			name = Debug;
		};
		8236FF2F24AA31CA0064FC55 /* Release */ = {
			isa = XCBuildConfiguration;
			buildSettings = {
				ASSETCATALOG_COMPILER_APPICON_NAME = AppIcon;
				CODE_SIGN_STYLE = Automatic;
				DEVELOPMENT_TEAM = MY9F7Y5ZNW;
				INFOPLIST_FILE = WebAPISample/Info.plist;
				LD_RUNPATH_SEARCH_PATHS = (
					"$(inherited)",
					"@executable_path/Frameworks",
				);
				PRODUCT_BUNDLE_IDENTIFIER = Kapil.WebAPISample;
				PRODUCT_NAME = "$(TARGET_NAME)";
				SWIFT_VERSION = 5.0;
				TARGETED_DEVICE_FAMILY = "1,2";
			};
			name = Release;
		};
/* End XCBuildConfiguration section */

/* Begin XCConfigurationList section */
		8236FF1424AA31C60064FC55 /* Build configuration list for PBXProject "WebAPISample" */ = {
			isa = XCConfigurationList;
			buildConfigurations = (
				8236FF2B24AA31CA0064FC55 /* Debug */,
				8236FF2C24AA31CA0064FC55 /* Release */,
			);
			defaultConfigurationIsVisible = 0;
			defaultConfigurationName = Release;
		};
		8236FF2D24AA31CA0064FC55 /* Build configuration list for PBXNativeTarget "WebAPISample" */ = {
			isa = XCConfigurationList;
			buildConfigurations = (
				8236FF2E24AA31CA0064FC55 /* Debug */,
				8236FF2F24AA31CA0064FC55 /* Release */,
			);
			defaultConfigurationIsVisible = 0;
			defaultConfigurationName = Release;
		};
/* End XCConfigurationList section */
	};
	rootObject = 8236FF1124AA31C60064FC55 /* Project object */;
}
